
Microsoft Visual Studio Solution File, Format Version 12.00
# Visual Studio Version 17
VisualStudioVersion = 17.0.31903.59
MinimumVisualStudioVersion = 10.0.40219.1
Project("{2150E333-8FDC-42A3-9474-1A3956D46DE8}") = "src", "src", "{02EA681E-C7D8-13C7-8484-4AC65E1B71E8}"
EndProject
Project("{FAE04EC0-301F-11D3-BF4B-00C04F79EFBC}") = "ListingService", "src\ListingService\ListingService.csproj", "{5B0D2813-0880-417A-AA36-88DA336F3C9E}"
EndProject
Project("{FAE04EC0-301F-11D3-BF4B-00C04F79EFBC}") = "IdentityService", "src\IdentityService\IdentityService.csproj", "{5B685FBC-834D-4DDD-BE1D-C7BAC55D6FC3}"
EndProject
Project("{FAE04EC0-301F-11D3-BF4B-00C04F79EFBC}") = "Shared", "src\Shared\Shared.csproj", "{57AE17F9-7A87-4E98-8D90-30D0AE09D57B}"
EndProject
Project("{FAE04EC0-301F-11D3-BF4B-00C04F79EFBC}") = "SearchService", "src\SearchService\SearchService.csproj", "{B250732E-88E8-4C3D-A946-581A000F6288}"
EndProject
Global
	GlobalSection(SolutionConfigurationPlatforms) = preSolution
		Debug|Any CPU = Debug|Any CPU
		Release|Any CPU = Release|Any CPU
	EndGlobalSection
	GlobalSection(ProjectConfigurationPlatforms) = postSolution
		{5B0D2813-0880-417A-AA36-88DA336F3C9E}.Debug|Any CPU.ActiveCfg = Debug|Any CPU
		{5B0D2813-0880-417A-AA36-88DA336F3C9E}.Debug|Any CPU.Build.0 = Debug|Any CPU
		{5B0D2813-0880-417A-AA36-88DA336F3C9E}.Release|Any CPU.ActiveCfg = Release|Any CPU
		{5B0D2813-0880-417A-AA36-88DA336F3C9E}.Release|Any CPU.Build.0 = Release|Any CPU
		{5B685FBC-834D-4DDD-BE1D-C7BAC55D6FC3}.Debug|Any CPU.ActiveCfg = Debug|Any CPU
		{5B685FBC-834D-4DDD-BE1D-C7BAC55D6FC3}.Debug|Any CPU.Build.0 = Debug|Any CPU
		{5B685FBC-834D-4DDD-BE1D-C7BAC55D6FC3}.Release|Any CPU.ActiveCfg = Release|Any CPU
		{5B685FBC-834D-4DDD-BE1D-C7BAC55D6FC3}.Release|Any CPU.Build.0 = Release|Any CPU
		{57AE17F9-7A87-4E98-8D90-30D0AE09D57B}.Debug|Any CPU.ActiveCfg = Debug|Any CPU
		{57AE17F9-7A87-4E98-8D90-30D0AE09D57B}.Debug|Any CPU.Build.0 = Debug|Any CPU
		{57AE17F9-7A87-4E98-8D90-30D0AE09D57B}.Release|Any CPU.ActiveCfg = Release|Any CPU
		{57AE17F9-7A87-4E98-8D90-30D0AE09D57B}.Release|Any CPU.Build.0 = Release|Any CPU
		{B250732E-88E8-4C3D-A946-581A000F6288}.Debug|Any CPU.ActiveCfg = Debug|Any CPU
		{B250732E-88E8-4C3D-A946-581A000F6288}.Debug|Any CPU.Build.0 = Debug|Any CPU
		{B250732E-88E8-4C3D-A946-581A000F6288}.Release|Any CPU.ActiveCfg = Release|Any CPU
		{B250732E-88E8-4C3D-A946-581A000F6288}.Release|Any CPU.Build.0 = Release|Any CPU
	EndGlobalSection
	GlobalSection(SolutionProperties) = preSolution
		HideSolutionNode = FALSE
	EndGlobalSection
	GlobalSection(NestedProjects) = preSolution
		{5B0D2813-0880-417A-AA36-88DA336F3C9E} = {02EA681E-C7D8-13C7-8484-4AC65E1B71E8}
		{5B685FBC-834D-4DDD-BE1D-C7BAC55D6FC3} = {02EA681E-C7D8-13C7-8484-4AC65E1B71E8}
		{57AE17F9-7A87-4E98-8D90-30D0AE09D57B} = {02EA681E-C7D8-13C7-8484-4AC65E1B71E8}
		{B250732E-88E8-4C3D-A946-581A000F6288} = {02EA681E-C7D8-13C7-8484-4AC65E1B71E8}
	EndGlobalSection
	GlobalSection(ExtensibilityGlobals) = postSolution
		SolutionGuid = {AD9D649A-1D6A-42F5-9A1E-530F54E79F98}
	EndGlobalSection
EndGlobal
